
Microsoft Visual Studio Solution File, Format Version 12.00
# Visual Studio Version 16
VisualStudioVersion = 16.0.31702.278
MinimumVisualStudioVersion = 10.0.40219.1
Project("{9A19103F-16F7-4668-BE54-9A1E7A4F7556}") = "State_Design_Pattern", "State_Design_Pattern\State_Design_Pattern.csproj", "{727F7F88-BA74-4D15-BA57-3FD7AD926B99}"
EndProject
Project("{2150E333-8FDC-42A3-9474-1A3956D46DE8}") = "Files", "Files", "{885A2686-A6BE-4304-BA56-3893D5E2B739}"
	ProjectSection(SolutionItems) = preProject
		Files\DesignPatternsDocuments.txt = Files\DesignPatternsDocuments.txt
		Files\Links.txt = Files\Links.txt
	EndProjectSection
EndProject
Project("{2150E333-8FDC-42A3-9474-1A3956D46DE8}") = "Images", "Images", "{BACEDCBE-E6F3-4D82-A849-8444BB7B4CF3}"
EndProject
Project("{2150E333-8FDC-42A3-9474-1A3956D46DE8}") = "State_Design_Pattern", "State_Design_Pattern", "{B94F3C11-5DAF-4E56-8197-2BDBD54E8EEF}"
	ProjectSection(SolutionItems) = preProject
		Files\Images\State_Design_Pattern\state_design_pattern_uml1.jpg = Files\Images\State_Design_Pattern\state_design_pattern_uml1.jpg
	EndProjectSection
EndProject
Global
	GlobalSection(SolutionConfigurationPlatforms) = preSolution
		Debug|Any CPU = Debug|Any CPU
		Release|Any CPU = Release|Any CPU
	EndGlobalSection
	GlobalSection(ProjectConfigurationPlatforms) = postSolution
		{727F7F88-BA74-4D15-BA57-3FD7AD926B99}.Debug|Any CPU.ActiveCfg = Debug|Any CPU
		{727F7F88-BA74-4D15-BA57-3FD7AD926B99}.Debug|Any CPU.Build.0 = Debug|Any CPU
		{727F7F88-BA74-4D15-BA57-3FD7AD926B99}.Release|Any CPU.ActiveCfg = Release|Any CPU
		{727F7F88-BA74-4D15-BA57-3FD7AD926B99}.Release|Any CPU.Build.0 = Release|Any CPU
	EndGlobalSection
	GlobalSection(SolutionProperties) = preSolution
		HideSolutionNode = FALSE
	EndGlobalSection
	GlobalSection(NestedProjects) = preSolution
		{BACEDCBE-E6F3-4D82-A849-8444BB7B4CF3} = {885A2686-A6BE-4304-BA56-3893D5E2B739}
		{B94F3C11-5DAF-4E56-8197-2BDBD54E8EEF} = {BACEDCBE-E6F3-4D82-A849-8444BB7B4CF3}
	EndGlobalSection
	GlobalSection(ExtensibilityGlobals) = postSolution
		SolutionGuid = {AEE670B5-AE86-45AE-B870-03A4DC7D9349}
	EndGlobalSection
EndGlobal
